
Microsoft Visual Studio Solution File, Format Version 12.00
# Visual Studio Version 17
VisualStudioVersion = 17.10.34928.147
MinimumVisualStudioVersion = 10.0.40219.1
Project("{FAE04EC0-301F-11D3-BF4B-00C04F79EFBC}") = "classwork", "classwork\classwork.csproj", "{4918B61B-685A-4AA8-8547-62B22E4EBE93}"
EndProject
Global
	GlobalSection(SolutionConfigurationPlatforms) = preSolution
		Debug|Any CPU = Debug|Any CPU
		Release|Any CPU = Release|Any CPU
	EndGlobalSection
	GlobalSection(ProjectConfigurationPlatforms) = postSolution
		{4918B61B-685A-4AA8-8547-62B22E4EBE93}.Debug|Any CPU.ActiveCfg = Debug|Any CPU
		{4918B61B-685A-4AA8-8547-62B22E4EBE93}.Debug|Any CPU.Build.0 = Debug|Any CPU
		{4918B61B-685A-4AA8-8547-62B22E4EBE93}.Release|Any CPU.ActiveCfg = Release|Any CPU
		{4918B61B-685A-4AA8-8547-62B22E4EBE93}.Release|Any CPU.Build.0 = Release|Any CPU
	EndGlobalSection
	GlobalSection(SolutionProperties) = preSolution
		HideSolutionNode = FALSE
	EndGlobalSection
	GlobalSection(ExtensibilityGlobals) = postSolution
		SolutionGuid = {7EBD3DD8-4305-46E0-803C-247C69F1E838}
	EndGlobalSection
EndGlobal
